
Microsoft Visual Studio Solution File, Format Version 12.00
# Visual Studio Version 16
VisualStudioVersion = 16.0.29025.244
MinimumVisualStudioVersion = 10.0.40219.1
Project("{FAE04EC0-301F-11D3-BF4B-00C04F79EFBC}") = "PythonConnection", "PythonConnection\PythonConnection.csproj", "{CECCC6FD-28D5-4DD6-8A3F-C1A10C19CB74}"
EndProject
Project("{FAE04EC0-301F-11D3-BF4B-00C04F79EFBC}") = "App", "App\App.csproj", "{0959500F-DC2B-43DC-8AB9-38A54F1D3A16}"
EndProject
Global
	GlobalSection(SolutionConfigurationPlatforms) = preSolution
		Debug|Any CPU = Debug|Any CPU
		Release|Any CPU = Release|Any CPU
	EndGlobalSection
	GlobalSection(ProjectConfigurationPlatforms) = postSolution
		{CECCC6FD-28D5-4DD6-8A3F-C1A10C19CB74}.Debug|Any CPU.ActiveCfg = Debug|Any CPU
		{CECCC6FD-28D5-4DD6-8A3F-C1A10C19CB74}.Debug|Any CPU.Build.0 = Debug|Any CPU
		{CECCC6FD-28D5-4DD6-8A3F-C1A10C19CB74}.Release|Any CPU.ActiveCfg = Release|Any CPU
		{CECCC6FD-28D5-4DD6-8A3F-C1A10C19CB74}.Release|Any CPU.Build.0 = Release|Any CPU
		{0959500F-DC2B-43DC-8AB9-38A54F1D3A16}.Debug|Any CPU.ActiveCfg = Debug|Any CPU
		{0959500F-DC2B-43DC-8AB9-38A54F1D3A16}.Debug|Any CPU.Build.0 = Debug|Any CPU
		{0959500F-DC2B-43DC-8AB9-38A54F1D3A16}.Release|Any CPU.ActiveCfg = Release|Any CPU
		{0959500F-DC2B-43DC-8AB9-38A54F1D3A16}.Release|Any CPU.Build.0 = Release|Any CPU
	EndGlobalSection
	GlobalSection(SolutionProperties) = preSolution
		HideSolutionNode = FALSE
	EndGlobalSection
	GlobalSection(ExtensibilityGlobals) = postSolution
		SolutionGuid = {317E1AE5-CEB2-4575-B649-F062DBF7C5C0}
	EndGlobalSection
EndGlobal
